
Microsoft Visual Studio Solution File, Format Version 12.00
# Visual Studio 15
VisualStudioVersion = 15.0.27130.2024
MinimumVisualStudioVersion = 10.0.40219.1
Project("{9A19103F-16F7-4668-BE54-9A1E7A4F7556}") = "CourierKata", "CourierKata\CourierKata.csproj", "{97171841-9BBB-492E-B8DC-F5835E4BBE09}"
EndProject
Project("{FAE04EC0-301F-11D3-BF4B-00C04F79EFBC}") = "CourierKata.Tests", "CourierKata.Tests\CourierKata.Tests.csproj", "{F14D4B13-BFA9-4A7A-B11B-1C98DAEDD009}"
EndProject
Global
	GlobalSection(SolutionConfigurationPlatforms) = preSolution
		Debug|Any CPU = Debug|Any CPU
		Release|Any CPU = Release|Any CPU
	EndGlobalSection
	GlobalSection(ProjectConfigurationPlatforms) = postSolution
		{97171841-9BBB-492E-B8DC-F5835E4BBE09}.Debug|Any CPU.ActiveCfg = Debug|Any CPU
		{97171841-9BBB-492E-B8DC-F5835E4BBE09}.Debug|Any CPU.Build.0 = Debug|Any CPU
		{97171841-9BBB-492E-B8DC-F5835E4BBE09}.Release|Any CPU.ActiveCfg = Release|Any CPU
		{97171841-9BBB-492E-B8DC-F5835E4BBE09}.Release|Any CPU.Build.0 = Release|Any CPU
		{F14D4B13-BFA9-4A7A-B11B-1C98DAEDD009}.Debug|Any CPU.ActiveCfg = Debug|Any CPU
		{F14D4B13-BFA9-4A7A-B11B-1C98DAEDD009}.Debug|Any CPU.Build.0 = Debug|Any CPU
		{F14D4B13-BFA9-4A7A-B11B-1C98DAEDD009}.Release|Any CPU.ActiveCfg = Release|Any CPU
		{F14D4B13-BFA9-4A7A-B11B-1C98DAEDD009}.Release|Any CPU.Build.0 = Release|Any CPU
	EndGlobalSection
	GlobalSection(SolutionProperties) = preSolution
		HideSolutionNode = FALSE
	EndGlobalSection
	GlobalSection(ExtensibilityGlobals) = postSolution
		SolutionGuid = {F8412BDA-4767-4D68-82F1-27086D5B5BD6}
	EndGlobalSection
EndGlobal
